
Microsoft Visual Studio Solution File, Format Version 12.00
# Visual Studio Version 16
VisualStudioVersion = 25.0.1704.1
MinimumVisualStudioVersion = 10.0.40219.1
Project("{FAE04EC0-301F-11D3-BF4B-00C04F79EFBC}") = "CalculatorMicroservice", ".\CalculatorMicroservice\CalculatorMicroservice.csproj", "{C1167DF7-002A-4513-A1B0-A846918537F6}"
EndProject
Project("{FAE04EC0-301F-11D3-BF4B-00C04F79EFBC}") = "PersonMicroservice", ".\PersonMicroservice\PersonMicroservice.csproj", "{A1801A77-E544-4EAE-89D2-F8581175D993}"
EndProject
Global
	GlobalSection(SolutionConfigurationPlatforms) = preSolution
		Debug|Any CPU = Debug|Any CPU
		Release|Any CPU = Release|Any CPU
	EndGlobalSection
	GlobalSection(ProjectConfigurationPlatforms) = postSolution
		{C1167DF7-002A-4513-A1B0-A846918537F6}.Debug|Any CPU.ActiveCfg = Debug|Any CPU
		{C1167DF7-002A-4513-A1B0-A846918537F6}.Debug|Any CPU.Build.0 = Debug|Any CPU
		{C1167DF7-002A-4513-A1B0-A846918537F6}.Release|Any CPU.ActiveCfg = Release|Any CPU
		{C1167DF7-002A-4513-A1B0-A846918537F6}.Release|Any CPU.Build.0 = Release|Any CPU
		{A1801A77-E544-4EAE-89D2-F8581175D993}.Debug|Any CPU.ActiveCfg = Debug|Any CPU
		{A1801A77-E544-4EAE-89D2-F8581175D993}.Debug|Any CPU.Build.0 = Debug|Any CPU
		{A1801A77-E544-4EAE-89D2-F8581175D993}.Release|Any CPU.ActiveCfg = Release|Any CPU
		{A1801A77-E544-4EAE-89D2-F8581175D993}.Release|Any CPU.Build.0 = Release|Any CPU
	EndGlobalSection
	GlobalSection(SolutionProperties) = preSolution
		HideSolutionNode = FALSE
	EndGlobalSection
	GlobalSection(ExtensibilityGlobals) = postSolution
		SolutionGuid = {5614E5D4-AE6B-45A6-BADD-B3CAF0BC0833}
	EndGlobalSection
EndGlobal
